// !$*UTF8*$!
{
	archiveVersion = 1;
	classes = {
	};
	objectVersion = 45;
	objects = {

/* Begin PBXBuildFile section */
		8D11072B0486CEB800E47090 /* InfoPlist.strings in Resources */ = {isa = PBXBuildFile; fileRef = 089C165CFE840E0CC02AAC07 /* InfoPlist.strings */; };
		8D11072D0486CEB800E47090 /* main.m in Sources */ = {isa = PBXBuildFile; fileRef = 29B97316FDCFA39411CA2CEA /* main.m */; settings = {ATTRIBUTES = (); }; };
		BC06318F128359B6007BDE49 /* Fusion.framework in Copy Frameworks */ = {isa = PBXBuildFile; fileRef = BC063172128358BF007BDE49 /* Fusion.framework */; };
		BC247F3C1285BBCF00D91727 /* WOFBase.bundle in Copy Plug-ins */ = {isa = PBXBuildFile; fileRef = BC247F311285BB8A00D91727 /* WOFBase.bundle */; };
		BC506DA9128759A7006F0550 /* WOFCrashReporter.bundle in Copy Plug-ins */ = {isa = PBXBuildFile; fileRef = BC506DA612875993006F0550 /* WOFCrashReporter.bundle */; };
		BC506F3512875EC7006F0550 /* WOFHelp.bundle in Copy Plug-ins */ = {isa = PBXBuildFile; fileRef = BC506F2C12875EB1006F0550 /* WOFHelp.bundle */; };
		BC50710F12876186006F0550 /* WOFPrefs.bundle in Copy Plug-ins */ = {isa = PBXBuildFile; fileRef = BC50710C12876171006F0550 /* WOFPrefs.bundle */; };
		BC5072821287646C006F0550 /* WOFUpdater.bundle in Copy Plug-ins */ = {isa = PBXBuildFile; fileRef = BC50728112876462006F0550 /* WOFUpdater.bundle */; };
		BC7DE35C12871E960027C712 /* WOFMenu.bundle in Copy Plug-ins */ = {isa = PBXBuildFile; fileRef = BC7DE35112871E6C0027C712 /* WOFMenu.bundle */; };
		BCDDDACA12837BE40059C6BB /* Foundation.framework in Frameworks */ = {isa = PBXBuildFile; fileRef = 29B97325FDCFA39411CA2CEA /* Foundation.framework */; };
		BCDDDB6C12848A3E0059C6BB /* Fusion.framework in Frameworks */ = {isa = PBXBuildFile; fileRef = BC063172128358BF007BDE49 /* Fusion.framework */; };
/* End PBXBuildFile section */

/* Begin PBXContainerItemProxy section */
		BC063171128358BF007BDE49 /* PBXContainerItemProxy */ = {
			isa = PBXContainerItemProxy;
			containerPortal = BC063169128358BF007BDE49 /* Fusion.xcodeproj */;
			proxyType = 2;
			remoteGlobalIDString = 8DC2EF5B0486A6940098B216;
			remoteInfo = Fusion;
		};
		BC063173128358D3007BDE49 /* PBXContainerItemProxy */ = {
			isa = PBXContainerItemProxy;
			containerPortal = BC063169128358BF007BDE49 /* Fusion.xcodeproj */;
			proxyType = 1;
			remoteGlobalIDString = 8DC2EF4F0486A6940098B216;
			remoteInfo = Fusion;
		};
		BC247F301285BB8A00D91727 /* PBXContainerItemProxy */ = {
			isa = PBXContainerItemProxy;
			containerPortal = BC247F2C1285BB8A00D91727 /* fusion-base.xcodeproj */;
			proxyType = 2;
			remoteGlobalIDString = 8D576316048677EA00EA77CD;
			remoteInfo = "fusion-base";
		};
		BC247F381285BBA100D91727 /* PBXContainerItemProxy */ = {
			isa = PBXContainerItemProxy;
			containerPortal = BC247F2C1285BB8A00D91727 /* fusion-base.xcodeproj */;
			proxyType = 1;
			remoteGlobalIDString = 8D57630D048677EA00EA77CD;
			remoteInfo = "fusion-base";
		};
		BC506DA512875993006F0550 /* PBXContainerItemProxy */ = {
			isa = PBXContainerItemProxy;
			containerPortal = BC506DA112875993006F0550 /* fusion-crash-reporter.xcodeproj */;
			proxyType = 2;
			remoteGlobalIDString = 8D5B49B6048680CD000E48DA;
			remoteInfo = "fusion-crash-reporter";
		};
		BC506DA71287599E006F0550 /* PBXContainerItemProxy */ = {
			isa = PBXContainerItemProxy;
			containerPortal = BC506DA112875993006F0550 /* fusion-crash-reporter.xcodeproj */;
			proxyType = 1;
			remoteGlobalIDString = 8D5B49AC048680CD000E48DA;
			remoteInfo = "fusion-crash-reporter";
		};
		BC506F2B12875EB1006F0550 /* PBXContainerItemProxy */ = {
			isa = PBXContainerItemProxy;
			containerPortal = BC506F2412875EB1006F0550 /* fusion-help.xcodeproj */;
			proxyType = 2;
			remoteGlobalIDString = 8D5B49B6048680CD000E48DA;
			remoteInfo = "fusion-help";
		};
		BC506F2F12875EB9006F0550 /* PBXContainerItemProxy */ = {
			isa = PBXContainerItemProxy;
			containerPortal = BC506F2412875EB1006F0550 /* fusion-help.xcodeproj */;
			proxyType = 1;
			remoteGlobalIDString = 8D5B49AC048680CD000E48DA;
			remoteInfo = "fusion-help";
		};
		BC50710B12876171006F0550 /* PBXContainerItemProxy */ = {
			isa = PBXContainerItemProxy;
			containerPortal = BC50710712876171006F0550 /* fusion-prefs.xcodeproj */;
			proxyType = 2;
			remoteGlobalIDString = 8D5B49B6048680CD000E48DA;
			remoteInfo = "fusion-prefs";
		};
		BC50710D12876178006F0550 /* PBXContainerItemProxy */ = {
			isa = PBXContainerItemProxy;
			containerPortal = BC50710712876171006F0550 /* fusion-prefs.xcodeproj */;
			proxyType = 1;
			remoteGlobalIDString = 8D5B49AC048680CD000E48DA;
			remoteInfo = "fusion-prefs";
		};
		BC50728012876462006F0550 /* PBXContainerItemProxy */ = {
			isa = PBXContainerItemProxy;
			containerPortal = BC50727912876462006F0550 /* fusion-updater.xcodeproj */;
			proxyType = 2;
			remoteGlobalIDString = 8D5B49B6048680CD000E48DA /* WOFUpdater.bundle */;
			remoteInfo = "fusion-updater";
		};
		BC50728312876474006F0550 /* PBXContainerItemProxy */ = {
			isa = PBXContainerItemProxy;
			containerPortal = BC50727912876462006F0550 /* fusion-updater.xcodeproj */;
			proxyType = 1;
			remoteGlobalIDString = 8D5B49AC048680CD000E48DA /* fusion-updater */;
			remoteInfo = "fusion-updater";
		};
		BC7DE35012871E6C0027C712 /* PBXContainerItemProxy */ = {
			isa = PBXContainerItemProxy;
			containerPortal = BC7DE34C12871E6C0027C712 /* fusion-menu.xcodeproj */;
			proxyType = 2;
			remoteGlobalIDString = 8D576316048677EA00EA77CD;
			remoteInfo = "fusion-menu";
		};
		BC7DE35412871E8A0027C712 /* PBXContainerItemProxy */ = {
			isa = PBXContainerItemProxy;
			containerPortal = BC7DE34C12871E6C0027C712 /* fusion-menu.xcodeproj */;
			proxyType = 1;
			remoteGlobalIDString = 8D57630D048677EA00EA77CD;
			remoteInfo = "fusion-menu";
		};
/* End PBXContainerItemProxy section */

/* Begin PBXCopyFilesBuildPhase section */
		BC063193128359D3007BDE49 /* Copy Frameworks */ = {
			isa = PBXCopyFilesBuildPhase;
			buildActionMask = 2147483647;
			dstPath = "";
			dstSubfolderSpec = 10;
			files = (
				BC06318F128359B6007BDE49 /* Fusion.framework in Copy Frameworks */,
			);
			name = "Copy Frameworks";
			runOnlyForDeploymentPostprocessing = 0;
		};
		BC247F3B1285BBCE00D91727 /* Copy Plug-ins */ = {
			isa = PBXCopyFilesBuildPhase;
			buildActionMask = 2147483647;
			dstPath = "";
			dstSubfolderSpec = 13;
			files = (
				BC5072821287646C006F0550 /* WOFUpdater.bundle in Copy Plug-ins */,
				BC50710F12876186006F0550 /* WOFPrefs.bundle in Copy Plug-ins */,
				BC506DA9128759A7006F0550 /* WOFCrashReporter.bundle in Copy Plug-ins */,
				BC247F3C1285BBCF00D91727 /* WOFBase.bundle in Copy Plug-ins */,
				BC7DE35C12871E960027C712 /* WOFMenu.bundle in Copy Plug-ins */,
				BC506F3512875EC7006F0550 /* WOFHelp.bundle in Copy Plug-ins */,
			);
			name = "Copy Plug-ins";
			runOnlyForDeploymentPostprocessing = 0;
		};
/* End PBXCopyFilesBuildPhase section */

/* Begin PBXFileReference section */
		1058C7A1FEA54F0111CA2CBB /* Cocoa.framework */ = {isa = PBXFileReference; lastKnownFileType = wrapper.framework; name = Cocoa.framework; path = /System/Library/Frameworks/Cocoa.framework; sourceTree = "<absolute>"; };
		13E42FB307B3F0F600E4EEF1 /* CoreData.framework */ = {isa = PBXFileReference; lastKnownFileType = wrapper.framework; name = CoreData.framework; path = /System/Library/Frameworks/CoreData.framework; sourceTree = "<absolute>"; };
		29B97316FDCFA39411CA2CEA /* main.m */ = {isa = PBXFileReference; fileEncoding = 4; lastKnownFileType = sourcecode.c.objc; path = main.m; sourceTree = "<group>"; };
		29B97324FDCFA39411CA2CEA /* AppKit.framework */ = {isa = PBXFileReference; lastKnownFileType = wrapper.framework; name = AppKit.framework; path = /System/Library/Frameworks/AppKit.framework; sourceTree = "<absolute>"; };
		29B97325FDCFA39411CA2CEA /* Foundation.framework */ = {isa = PBXFileReference; lastKnownFileType = wrapper.framework; name = Foundation.framework; path = /System/Library/Frameworks/Foundation.framework; sourceTree = "<absolute>"; };
		8D1107310486CEB800E47090 /* Info.plist */ = {isa = PBXFileReference; fileEncoding = 4; lastKnownFileType = text.plist.xml; path = Info.plist; sourceTree = "<group>"; };
		8D1107320486CEB800E47090 /* fusion-demo.app */ = {isa = PBXFileReference; explicitFileType = wrapper.application; includeInIndex = 0; path = "fusion-demo.app"; sourceTree = BUILT_PRODUCTS_DIR; };
		BC062D2712835205007BDE49 /* buildtools */ = {isa = PBXFileReference; lastKnownFileType = folder; path = buildtools; sourceTree = "<group>"; };
		BC062DA212835244007BDE49 /* base-style.xcconfig */ = {isa = PBXFileReference; fileEncoding = 4; lastKnownFileType = text.xcconfig; name = "base-style.xcconfig"; path = "buildtools/base-style.xcconfig"; sourceTree = "<group>"; };
		BC062DA312835244007BDE49 /* cocoa-app-target.xcconfig */ = {isa = PBXFileReference; fileEncoding = 4; lastKnownFileType = text.xcconfig; name = "cocoa-app-target.xcconfig"; path = "buildtools/cocoa-app-target.xcconfig"; sourceTree = "<group>"; };
		BC062DA412835244007BDE49 /* debug-style.xcconfig */ = {isa = PBXFileReference; fileEncoding = 4; lastKnownFileType = text.xcconfig; name = "debug-style.xcconfig"; path = "buildtools/debug-style.xcconfig"; sourceTree = "<group>"; };
		BC062DA512835244007BDE49 /* release-style.xcconfig */ = {isa = PBXFileReference; fileEncoding = 4; lastKnownFileType = text.xcconfig; name = "release-style.xcconfig"; path = "buildtools/release-style.xcconfig"; sourceTree = "<group>"; };
		BC062E3912835425007BDE49 /* en */ = {isa = PBXFileReference; lastKnownFileType = text.plist.strings; name = en; path = en.lproj/InfoPlist.strings; sourceTree = "<group>"; };
		BC063156128355E6007BDE49 /* LICENSE.txt */ = {isa = PBXFileReference; fileEncoding = 4; lastKnownFileType = text; name = LICENSE.txt; path = ../LICENSE.txt; sourceTree = SOURCE_ROOT; };
		BC063169128358BF007BDE49 /* Fusion.xcodeproj */ = {isa = PBXFileReference; lastKnownFileType = "wrapper.pb-project"; name = Fusion.xcodeproj; path = ../fusion/Fusion.xcodeproj; sourceTree = SOURCE_ROOT; };
		BC247F2C1285BB8A00D91727 /* fusion-base.xcodeproj */ = {isa = PBXFileReference; lastKnownFileType = "wrapper.pb-project"; name = "fusion-base.xcodeproj"; path = "../fusion-base/fusion-base.xcodeproj"; sourceTree = SOURCE_ROOT; };
		BC506DA112875993006F0550 /* fusion-crash-reporter.xcodeproj */ = {isa = PBXFileReference; lastKnownFileType = "wrapper.pb-project"; name = "fusion-crash-reporter.xcodeproj"; path = "../fusion-crash-reporter/fusion-crash-reporter.xcodeproj"; sourceTree = SOURCE_ROOT; };
		BC506F2412875EB1006F0550 /* fusion-help.xcodeproj */ = {isa = PBXFileReference; lastKnownFileType = "wrapper.pb-project"; name = "fusion-help.xcodeproj"; path = "../fusion-help/fusion-help.xcodeproj"; sourceTree = SOURCE_ROOT; };
		BC50710712876171006F0550 /* fusion-prefs.xcodeproj */ = {isa = PBXFileReference; lastKnownFileType = "wrapper.pb-project"; name = "fusion-prefs.xcodeproj"; path = "../fusion-prefs/fusion-prefs.xcodeproj"; sourceTree = SOURCE_ROOT; };
		BC50727912876462006F0550 /* fusion-updater.xcodeproj */ = {isa = PBXFileReference; lastKnownFileType = "wrapper.pb-project"; name = "fusion-updater.xcodeproj"; path = "../fusion-updater/fusion-updater.xcodeproj"; sourceTree = SOURCE_ROOT; };
		BC7DE34C12871E6C0027C712 /* fusion-menu.xcodeproj */ = {isa = PBXFileReference; lastKnownFileType = "wrapper.pb-project"; name = "fusion-menu.xcodeproj"; path = "../fusion-menu/fusion-menu.xcodeproj"; sourceTree = SOURCE_ROOT; };
/* End PBXFileReference section */

/* Begin PBXFrameworksBuildPhase section */
		8D11072E0486CEB800E47090 /* Frameworks */ = {
			isa = PBXFrameworksBuildPhase;
			buildActionMask = 2147483647;
			files = (
				BCDDDACA12837BE40059C6BB /* Foundation.framework in Frameworks */,
				BCDDDB6C12848A3E0059C6BB /* Fusion.framework in Frameworks */,
			);
			runOnlyForDeploymentPostprocessing = 0;
		};
/* End PBXFrameworksBuildPhase section */

/* Begin PBXGroup section */
		080E96DDFE201D6D7F000001 /* Classes */ = {
			isa = PBXGroup;
			children = (
			);
			name = Classes;
			sourceTree = "<group>";
		};
		19C28FACFE9D520D11CA2CBB /* Products */ = {
			isa = PBXGroup;
			children = (
				8D1107320486CEB800E47090 /* fusion-demo.app */,
			);
			name = Products;
			sourceTree = "<group>";
		};
		29B97314FDCFA39411CA2CEA /* fusion-demo */ = {
			isa = PBXGroup;
			children = (
				BC063168128358B0007BDE49 /* Dependencies */,
				BC063152128355C0007BDE49 /* Documentation */,
				BC062D26128351F5007BDE49 /* Submodules */,
				BC062DA112835227007BDE49 /* Configuration */,
				080E96DDFE201D6D7F000001 /* Classes */,
				29B97315FDCFA39411CA2CEA /* Other Sources */,
				29B97317FDCFA39411CA2CEA /* Resources */,
				29B97323FDCFA39411CA2CEA /* Frameworks */,
				19C28FACFE9D520D11CA2CBB /* Products */,
			);
			name = "fusion-demo";
			sourceTree = "<group>";
		};
		29B97315FDCFA39411CA2CEA /* Other Sources */ = {
			isa = PBXGroup;
			children = (
				29B97316FDCFA39411CA2CEA /* main.m */,
			);
			name = "Other Sources";
			sourceTree = "<group>";
		};
		29B97317FDCFA39411CA2CEA /* Resources */ = {
			isa = PBXGroup;
			children = (
				8D1107310486CEB800E47090 /* Info.plist */,
				089C165CFE840E0CC02AAC07 /* InfoPlist.strings */,
			);
			name = Resources;
			sourceTree = "<group>";
		};
		29B97323FDCFA39411CA2CEA /* Frameworks */ = {
			isa = PBXGroup;
			children = (
				1058C7A1FEA54F0111CA2CBB /* Cocoa.framework */,
				29B97324FDCFA39411CA2CEA /* AppKit.framework */,
				13E42FB307B3F0F600E4EEF1 /* CoreData.framework */,
				29B97325FDCFA39411CA2CEA /* Foundation.framework */,
			);
			name = Frameworks;
			sourceTree = "<group>";
		};
		BC062D26128351F5007BDE49 /* Submodules */ = {
			isa = PBXGroup;
			children = (
				BC062D2712835205007BDE49 /* buildtools */,
			);
			name = Submodules;
			sourceTree = "<group>";
		};
		BC062DA112835227007BDE49 /* Configuration */ = {
			isa = PBXGroup;
			children = (
				BC062DA212835244007BDE49 /* base-style.xcconfig */,
				BC062DA312835244007BDE49 /* cocoa-app-target.xcconfig */,
				BC062DA412835244007BDE49 /* debug-style.xcconfig */,
				BC062DA512835244007BDE49 /* release-style.xcconfig */,
			);
			name = Configuration;
			sourceTree = "<group>";
		};
		BC063152128355C0007BDE49 /* Documentation */ = {
			isa = PBXGroup;
			children = (
				BC063156128355E6007BDE49 /* LICENSE.txt */,
			);
			name = Documentation;
			sourceTree = "<group>";
		};
		BC063168128358B0007BDE49 /* Dependencies */ = {
			isa = PBXGroup;
			children = (
				BC50727912876462006F0550 /* fusion-updater.xcodeproj */,
				BC50710712876171006F0550 /* fusion-prefs.xcodeproj */,
				BC506F2412875EB1006F0550 /* fusion-help.xcodeproj */,
				BC506DA112875993006F0550 /* fusion-crash-reporter.xcodeproj */,
				BC7DE34C12871E6C0027C712 /* fusion-menu.xcodeproj */,
				BC247F2C1285BB8A00D91727 /* fusion-base.xcodeproj */,
				BC063169128358BF007BDE49 /* Fusion.xcodeproj */,
			);
			name = Dependencies;
			sourceTree = "<group>";
		};
		BC06316A128358BF007BDE49 /* Products */ = {
			isa = PBXGroup;
			children = (
				BC063172128358BF007BDE49 /* Fusion.framework */,
			);
			name = Products;
			sourceTree = "<group>";
		};
		BC247F2D1285BB8A00D91727 /* Products */ = {
			isa = PBXGroup;
			children = (
				BC247F311285BB8A00D91727 /* WOFBase.bundle */,
			);
			name = Products;
			sourceTree = "<group>";
		};
		BC506DA212875993006F0550 /* Products */ = {
			isa = PBXGroup;
			children = (
				BC506DA612875993006F0550 /* WOFCrashReporter.bundle */,
			);
			name = Products;
			sourceTree = "<group>";
		};
		BC506F2512875EB1006F0550 /* Products */ = {
			isa = PBXGroup;
			children = (
				BC506F2C12875EB1006F0550 /* WOFHelp.bundle */,
			);
			name = Products;
			sourceTree = "<group>";
		};
		BC50710812876171006F0550 /* Products */ = {
			isa = PBXGroup;
			children = (
				BC50710C12876171006F0550 /* WOFPrefs.bundle */,
			);
			name = Products;
			sourceTree = "<group>";
		};
		BC50727A12876462006F0550 /* Products */ = {
			isa = PBXGroup;
			children = (
				BC50728112876462006F0550 /* WOFUpdater.bundle */,
			);
			name = Products;
			sourceTree = "<group>";
		};
		BC7DE34D12871E6C0027C712 /* Products */ = {
			isa = PBXGroup;
			children = (
				BC7DE35112871E6C0027C712 /* WOFMenu.bundle */,
			);
			name = Products;
			sourceTree = "<group>";
		};
/* End PBXGroup section */

/* Begin PBXNativeTarget section */
		8D1107260486CEB800E47090 /* fusion-demo */ = {
			isa = PBXNativeTarget;
			buildConfigurationList = C01FCF4A08A954540054247B /* Build configuration list for PBXNativeTarget "fusion-demo" */;
			buildPhases = (
				8D1107290486CEB800E47090 /* Resources */,
				8D11072C0486CEB800E47090 /* Sources */,
				BC063193128359D3007BDE49 /* Copy Frameworks */,
				BC247F3B1285BBCE00D91727 /* Copy Plug-ins */,
				8D11072E0486CEB800E47090 /* Frameworks */,
			);
			buildRules = (
			);
			dependencies = (
				BC063174128358D3007BDE49 /* PBXTargetDependency */,
				BC247F391285BBA100D91727 /* PBXTargetDependency */,
				BC7DE35512871E8A0027C712 /* PBXTargetDependency */,
				BC506DA81287599E006F0550 /* PBXTargetDependency */,
				BC506F3012875EB9006F0550 /* PBXTargetDependency */,
				BC50710E12876178006F0550 /* PBXTargetDependency */,
				BC50728412876474006F0550 /* PBXTargetDependency */,
			);
			name = "fusion-demo";
			productInstallPath = "$(HOME)/Applications";
			productName = "fusion-demo";
			productReference = 8D1107320486CEB800E47090 /* fusion-demo.app */;
			productType = "com.apple.product-type.application";
		};
/* End PBXNativeTarget section */

/* Begin PBXProject section */
		29B97313FDCFA39411CA2CEA /* Project object */ = {
			isa = PBXProject;
			buildConfigurationList = C01FCF4E08A954540054247B /* Build configuration list for PBXProject "fusion-demo" */;
			compatibilityVersion = "Xcode 3.1";
			developmentRegion = English;
			hasScannedForEncodings = 1;
			knownRegions = (
				English,
				Japanese,
				French,
				German,
				en,
			);
			mainGroup = 29B97314FDCFA39411CA2CEA /* fusion-demo */;
			projectDirPath = "";
			projectReferences = (
				{
					ProductGroup = BC247F2D1285BB8A00D91727 /* Products */;
					ProjectRef = BC247F2C1285BB8A00D91727 /* fusion-base.xcodeproj */;
				},
				{
					ProductGroup = BC506DA212875993006F0550 /* Products */;
					ProjectRef = BC506DA112875993006F0550 /* fusion-crash-reporter.xcodeproj */;
				},
				{
					ProductGroup = BC506F2512875EB1006F0550 /* Products */;
					ProjectRef = BC506F2412875EB1006F0550 /* fusion-help.xcodeproj */;
				},
				{
					ProductGroup = BC7DE34D12871E6C0027C712 /* Products */;
					ProjectRef = BC7DE34C12871E6C0027C712 /* fusion-menu.xcodeproj */;
				},
				{
					ProductGroup = BC50710812876171006F0550 /* Products */;
					ProjectRef = BC50710712876171006F0550 /* fusion-prefs.xcodeproj */;
				},
				{
					ProductGroup = BC50727A12876462006F0550 /* Products */;
					ProjectRef = BC50727912876462006F0550 /* fusion-updater.xcodeproj */;
				},
				{
					ProductGroup = BC06316A128358BF007BDE49 /* Products */;
					ProjectRef = BC063169128358BF007BDE49 /* Fusion.xcodeproj */;
				},
			);
			projectRoot = "";
			targets = (
				8D1107260486CEB800E47090 /* fusion-demo */,
			);
		};
/* End PBXProject section */

/* Begin PBXReferenceProxy section */
		BC063172128358BF007BDE49 /* Fusion.framework */ = {
			isa = PBXReferenceProxy;
			fileType = wrapper.framework;
			path = Fusion.framework;
			remoteRef = BC063171128358BF007BDE49 /* PBXContainerItemProxy */;
			sourceTree = BUILT_PRODUCTS_DIR;
		};
		BC247F311285BB8A00D91727 /* WOFBase.bundle */ = {
			isa = PBXReferenceProxy;
			fileType = wrapper.cfbundle;
			path = WOFBase.bundle;
			remoteRef = BC247F301285BB8A00D91727 /* PBXContainerItemProxy */;
			sourceTree = BUILT_PRODUCTS_DIR;
		};
		BC506DA612875993006F0550 /* WOFCrashReporter.bundle */ = {
			isa = PBXReferenceProxy;
			fileType = wrapper.cfbundle;
			path = WOFCrashReporter.bundle;
			remoteRef = BC506DA512875993006F0550 /* PBXContainerItemProxy */;
			sourceTree = BUILT_PRODUCTS_DIR;
		};
		BC506F2C12875EB1006F0550 /* WOFHelp.bundle */ = {
			isa = PBXReferenceProxy;
			fileType = wrapper.cfbundle;
			path = WOFHelp.bundle;
			remoteRef = BC506F2B12875EB1006F0550 /* PBXContainerItemProxy */;
			sourceTree = BUILT_PRODUCTS_DIR;
		};
		BC50710C12876171006F0550 /* WOFPrefs.bundle */ = {
			isa = PBXReferenceProxy;
			fileType = wrapper.cfbundle;
			path = WOFPrefs.bundle;
			remoteRef = BC50710B12876171006F0550 /* PBXContainerItemProxy */;
			sourceTree = BUILT_PRODUCTS_DIR;
		};
		BC50728112876462006F0550 /* WOFUpdater.bundle */ = {
			isa = PBXReferenceProxy;
			fileType = wrapper.cfbundle;
			path = WOFUpdater.bundle;
			remoteRef = BC50728012876462006F0550 /* PBXContainerItemProxy */;
			sourceTree = BUILT_PRODUCTS_DIR;
		};
		BC7DE35112871E6C0027C712 /* WOFMenu.bundle */ = {
			isa = PBXReferenceProxy;
			fileType = wrapper.cfbundle;
			path = WOFMenu.bundle;
			remoteRef = BC7DE35012871E6C0027C712 /* PBXContainerItemProxy */;
			sourceTree = BUILT_PRODUCTS_DIR;
		};
/* End PBXReferenceProxy section */

/* Begin PBXResourcesBuildPhase section */
		8D1107290486CEB800E47090 /* Resources */ = {
			isa = PBXResourcesBuildPhase;
			buildActionMask = 2147483647;
			files = (
				8D11072B0486CEB800E47090 /* InfoPlist.strings in Resources */,
			);
			runOnlyForDeploymentPostprocessing = 0;
		};
/* End PBXResourcesBuildPhase section */

/* Begin PBXSourcesBuildPhase section */
		8D11072C0486CEB800E47090 /* Sources */ = {
			isa = PBXSourcesBuildPhase;
			buildActionMask = 2147483647;
			files = (
				8D11072D0486CEB800E47090 /* main.m in Sources */,
			);
			runOnlyForDeploymentPostprocessing = 0;
		};
/* End PBXSourcesBuildPhase section */

/* Begin PBXTargetDependency section */
		BC063174128358D3007BDE49 /* PBXTargetDependency */ = {
			isa = PBXTargetDependency;
			name = Fusion;
			targetProxy = BC063173128358D3007BDE49 /* PBXContainerItemProxy */;
		};
		BC247F391285BBA100D91727 /* PBXTargetDependency */ = {
			isa = PBXTargetDependency;
			name = "fusion-base";
			targetProxy = BC247F381285BBA100D91727 /* PBXContainerItemProxy */;
		};
		BC506DA81287599E006F0550 /* PBXTargetDependency */ = {
			isa = PBXTargetDependency;
			name = "fusion-crash-reporter";
			targetProxy = BC506DA71287599E006F0550 /* PBXContainerItemProxy */;
		};
		BC506F3012875EB9006F0550 /* PBXTargetDependency */ = {
			isa = PBXTargetDependency;
			name = "fusion-help";
			targetProxy = BC506F2F12875EB9006F0550 /* PBXContainerItemProxy */;
		};
		BC50710E12876178006F0550 /* PBXTargetDependency */ = {
			isa = PBXTargetDependency;
			name = "fusion-prefs";
			targetProxy = BC50710D12876178006F0550 /* PBXContainerItemProxy */;
		};
		BC50728412876474006F0550 /* PBXTargetDependency */ = {
			isa = PBXTargetDependency;
			name = "fusion-updater";
			targetProxy = BC50728312876474006F0550 /* PBXContainerItemProxy */;
		};
		BC7DE35512871E8A0027C712 /* PBXTargetDependency */ = {
			isa = PBXTargetDependency;
			name = "fusion-menu";
			targetProxy = BC7DE35412871E8A0027C712 /* PBXContainerItemProxy */;
		};
/* End PBXTargetDependency section */

/* Begin PBXVariantGroup section */
		089C165CFE840E0CC02AAC07 /* InfoPlist.strings */ = {
			isa = PBXVariantGroup;
			children = (
				BC062E3912835425007BDE49 /* en */,
			);
			name = InfoPlist.strings;
			sourceTree = "<group>";
		};
/* End PBXVariantGroup section */

/* Begin XCBuildConfiguration section */
		C01FCF4B08A954540054247B /* Debug */ = {
			isa = XCBuildConfiguration;
			baseConfigurationReference = BC062DA312835244007BDE49 /* cocoa-app-target.xcconfig */;
			buildSettings = {
				INFOPLIST_FILE = Info.plist;
				LD_RUNPATH_SEARCH_PATHS = "@executable_path/../Frameworks";
				PRODUCT_NAME = "fusion-demo";
			};
			name = Debug;
		};
		C01FCF4C08A954540054247B /* Release */ = {
			isa = XCBuildConfiguration;
			buildSettings = {
				INFOPLIST_FILE = Info.plist;
				LD_RUNPATH_SEARCH_PATHS = "@executable_path/../Frameworks";
				PRODUCT_NAME = "fusion-demo";
			};
			name = Release;
		};
		C01FCF4F08A954540054247B /* Debug */ = {
			isa = XCBuildConfiguration;
			baseConfigurationReference = BC062DA412835244007BDE49 /* debug-style.xcconfig */;
			buildSettings = {
			};
			name = Debug;
		};
		C01FCF5008A954540054247B /* Release */ = {
			isa = XCBuildConfiguration;
			baseConfigurationReference = BC062DA512835244007BDE49 /* release-style.xcconfig */;
			buildSettings = {
			};
			name = Release;
		};
/* End XCBuildConfiguration section */

/* Begin XCConfigurationList section */
		C01FCF4A08A954540054247B /* Build configuration list for PBXNativeTarget "fusion-demo" */ = {
			isa = XCConfigurationList;
			buildConfigurations = (
				C01FCF4B08A954540054247B /* Debug */,
				C01FCF4C08A954540054247B /* Release */,
			);
			defaultConfigurationIsVisible = 0;
			defaultConfigurationName = Release;
		};
		C01FCF4E08A954540054247B /* Build configuration list for PBXProject "fusion-demo" */ = {
			isa = XCConfigurationList;
			buildConfigurations = (
				C01FCF4F08A954540054247B /* Debug */,
				C01FCF5008A954540054247B /* Release */,
			);
			defaultConfigurationIsVisible = 0;
			defaultConfigurationName = Release;
		};
/* End XCConfigurationList section */
	};
	rootObject = 29B97313FDCFA39411CA2CEA /* Project object */;
}
